PODS:
  - FBSnapshotTestCase (2.1.1):
    - FBSnapshotTestCase/SwiftSupport (= 2.1.1)
  - FBSnapshotTestCase/Core (2.1.1)
  - FBSnapshotTestCase/SwiftSupport (2.1.1):
    - FBSnapshotTestCase/Core
  - Nimble (4.0.1)

DEPENDENCIES:
  - FBSnapshotTestCase
  - Nimble (~> 4.0)

SPEC CHECKSUMS:
  FBSnapshotTestCase: 432afd8d059ccef7f207225894840a03fbcf7474
  Nimble: 0f3c8b8b084cda391209c3c5efbb48bedeeb920a

COCOAPODS: 0.39.0
