PODS:
  - FBSnapshotTestCase (2.1.4):
    - FBSnapshotTestCase/SwiftSupport (= 2.1.4)
  - FBSnapshotTestCase/Core (2.1.4)
  - FBSnapshotTestCase/SwiftSupport (2.1.4):
    - FBSnapshotTestCase/Core
  - Nimble (6.0.1)

DEPENDENCIES:
  - FBSnapshotTestCase (from `https://github.com/facebook/ios-snapshot-test-case.git`, branch `master`)
  - Nimble (from `https://github.com/Quick/Nimble.git`, branch `master`)

EXTERNAL SOURCES:
  FBSnapshotTestCase:
    :branch: master
    :git: https://github.com/facebook/ios-snapshot-test-case.git
  Nimble:
    :branch: master
    :git: https://github.com/Quick/Nimble.git

CHECKOUT OPTIONS:
  FBSnapshotTestCase:
    :commit: c1808fb4435ffc3db2203e7623935f39fc31aa8f
    :git: https://github.com/facebook/ios-snapshot-test-case.git
  Nimble:
    :commit: 16a9a31918596b03ad88e6ec9a5cd7f90f0e4d93
    :git: https://github.com/Quick/Nimble.git

SPEC CHECKSUMS:
  FBSnapshotTestCase: 094f9f314decbabe373b87cc339bea235a63e07a
  Nimble: 1aafe036e5b03c5a30d07430fddca564af570696

PODFILE CHECKSUM: 6e885da37e101575df960c67b3aad6ff486ae7e1

COCOAPODS: 1.2.0
