// !$*UTF8*$!
{
	archiveVersion = 1;
	classes = {
	};
	objectVersion = 46;
	objects = {

/* Begin PBXBuildFile section */
		6D109DF11F044033003DACE7 /* ReusableSupplementaryFooterView.xib in Resources */ = {isa = PBXBuildFile; fileRef = 6D109DF01F044033003DACE7 /* ReusableSupplementaryFooterView.xib */; };
		6D109DF41F044107003DACE7 /* ReusableSupplementaryHeaderView.xib in Resources */ = {isa = PBXBuildFile; fileRef = 6D109DF31F044107003DACE7 /* ReusableSupplementaryHeaderView.xib */; };
		6D65C61F1E5F9A6B00733118 /* InitFromCodeExampleViewController.swift in Sources */ = {isa = PBXBuildFile; fileRef = 6D65C61E1E5F9A6B00733118 /* InitFromCodeExampleViewController.swift */; };
		6D65C6221E5F9A7900733118 /* InitFromStoryboardExampleViewController.swift in Sources */ = {isa = PBXBuildFile; fileRef = 6D65C6211E5F9A7900733118 /* InitFromStoryboardExampleViewController.swift */; };
		6DC978051CFE211A00B7679E /* AppDelegate.swift in Sources */ = {isa = PBXBuildFile; fileRef = 6DC978041CFE211A00B7679E /* AppDelegate.swift */; };
		6DC978071CFE211A00B7679E /* ViewController.swift in Sources */ = {isa = PBXBuildFile; fileRef = 6DC978061CFE211A00B7679E /* ViewController.swift */; };
		6DC9780A1CFE211A00B7679E /* Main.storyboard in Resources */ = {isa = PBXBuildFile; fileRef = 6DC978081CFE211A00B7679E /* Main.storyboard */; };
		6DC9780C1CFE211A00B7679E /* Assets.xcassets in Resources */ = {isa = PBXBuildFile; fileRef = 6DC9780B1CFE211A00B7679E /* Assets.xcassets */; };
		6DC9780F1CFE211A00B7679E /* LaunchScreen.storyboard in Resources */ = {isa = PBXBuildFile; fileRef = 6DC9780D1CFE211A00B7679E /* LaunchScreen.storyboard */; };
/* End PBXBuildFile section */

/* Begin PBXContainerItemProxy section */
		6D28C4EF1D9716450078F70B /* PBXContainerItemProxy */ = {
			isa = PBXContainerItemProxy;
			containerPortal = 6DC978161CFE212700B7679E /* ADMozaikCollectionViewLayout.xcodeproj */;
			proxyType = 1;
			remoteGlobalIDString = 6D7BE5B01CEA148400A41445;
			remoteInfo = ADMozaikCollectionViewLayout;
		};
		6DC9781B1CFE212700B7679E /* PBXContainerItemProxy */ = {
			isa = PBXContainerItemProxy;
			containerPortal = 6DC978161CFE212700B7679E /* ADMozaikCollectionViewLayout.xcodeproj */;
			proxyType = 2;
			remoteGlobalIDString = 6D7BE5B11CEA148400A41445;
			remoteInfo = ADMozaikCollectionViewLayout;
		};
		6DC9781D1CFE212700B7679E /* PBXContainerItemProxy */ = {
			isa = PBXContainerItemProxy;
			containerPortal = 6DC978161CFE212700B7679E /* ADMozaikCollectionViewLayout.xcodeproj */;
			proxyType = 2;
			remoteGlobalIDString = 6D7BE5BB1CEA148400A41445;
			remoteInfo = ADMozaikCollectionViewLayoutTests;
		};
/* End PBXContainerItemProxy section */

/* Begin PBXFileReference section */
		6D109DF01F044033003DACE7 /* ReusableSupplementaryFooterView.xib */ = {isa = PBXFileReference; lastKnownFileType = file.xib; path = ReusableSupplementaryFooterView.xib; sourceTree = "<group>"; };
		6D109DF31F044107003DACE7 /* ReusableSupplementaryHeaderView.xib */ = {isa = PBXFileReference; lastKnownFileType = file.xib; path = ReusableSupplementaryHeaderView.xib; sourceTree = "<group>"; };
		6D65C61E1E5F9A6B00733118 /* InitFromCodeExampleViewController.swift */ = {isa = PBXFileReference; fileEncoding = 4; lastKnownFileType = sourcecode.swift; path = InitFromCodeExampleViewController.swift; sourceTree = "<group>"; };
		6D65C6211E5F9A7900733118 /* InitFromStoryboardExampleViewController.swift */ = {isa = PBXFileReference; fileEncoding = 4; lastKnownFileType = sourcecode.swift; path = InitFromStoryboardExampleViewController.swift; sourceTree = "<group>"; };
		6DC978011CFE211A00B7679E /* Example.app */ = {isa = PBXFileReference; explicitFileType = wrapper.application; includeInIndex = 0; path = Example.app; sourceTree = BUILT_PRODUCTS_DIR; };
		6DC978041CFE211A00B7679E /* AppDelegate.swift */ = {isa = PBXFileReference; lastKnownFileType = sourcecode.swift; path = AppDelegate.swift; sourceTree = "<group>"; };
		6DC978061CFE211A00B7679E /* ViewController.swift */ = {isa = PBXFileReference; lastKnownFileType = sourcecode.swift; path = ViewController.swift; sourceTree = "<group>"; };
		6DC978091CFE211A00B7679E /* Base */ = {isa = PBXFileReference; lastKnownFileType = file.storyboard; name = Base; path = Base.lproj/Main.storyboard; sourceTree = "<group>"; };
		6DC9780B1CFE211A00B7679E /* Assets.xcassets */ = {isa = PBXFileReference; lastKnownFileType = folder.assetcatalog; path = Assets.xcassets; sourceTree = "<group>"; };
		6DC9780E1CFE211A00B7679E /* Base */ = {isa = PBXFileReference; lastKnownFileType = file.storyboard; name = Base; path = Base.lproj/LaunchScreen.storyboard; sourceTree = "<group>"; };
		6DC978101CFE211A00B7679E /* Info.plist */ = {isa = PBXFileReference; lastKnownFileType = text.plist.xml; path = Info.plist; sourceTree = "<group>"; };
		6DC978161CFE212700B7679E /* ADMozaikCollectionViewLayout.xcodeproj */ = {isa = PBXFileReference; lastKnownFileType = "wrapper.pb-project"; name = ADMozaikCollectionViewLayout.xcodeproj; path = ../ADMozaikCollectionViewLayout.xcodeproj; sourceTree = "<group>"; };
/* End PBXFileReference section */

/* Begin PBXFrameworksBuildPhase section */
		6DC977FE1CFE211A00B7679E /* Frameworks */ = {
			isa = PBXFrameworksBuildPhase;
			buildActionMask = 2147483647;
			files = (
			);
			runOnlyForDeploymentPostprocessing = 0;
		};
/* End PBXFrameworksBuildPhase section */

/* Begin PBXGroup section */
		6DC977F81CFE211A00B7679E = {
			isa = PBXGroup;
			children = (
				6DC978161CFE212700B7679E /* ADMozaikCollectionViewLayout.xcodeproj */,
				6DC978031CFE211A00B7679E /* Example */,
				6DC978021CFE211A00B7679E /* Products */,
			);
			sourceTree = "<group>";
		};
		6DC978021CFE211A00B7679E /* Products */ = {
			isa = PBXGroup;
			children = (
				6DC978011CFE211A00B7679E /* Example.app */,
			);
			name = Products;
			sourceTree = "<group>";
		};
		6DC978031CFE211A00B7679E /* Example */ = {
			isa = PBXGroup;
			children = (
				6DC978041CFE211A00B7679E /* AppDelegate.swift */,
				6DC978061CFE211A00B7679E /* ViewController.swift */,
				6DC978081CFE211A00B7679E /* Main.storyboard */,
				6D109DF01F044033003DACE7 /* ReusableSupplementaryFooterView.xib */,
				6D109DF31F044107003DACE7 /* ReusableSupplementaryHeaderView.xib */,
				6DC9780B1CFE211A00B7679E /* Assets.xcassets */,
				6DC9780D1CFE211A00B7679E /* LaunchScreen.storyboard */,
				6DC978101CFE211A00B7679E /* Info.plist */,
				6D65C61E1E5F9A6B00733118 /* InitFromCodeExampleViewController.swift */,
				6D65C6211E5F9A7900733118 /* InitFromStoryboardExampleViewController.swift */,
			);
			path = Example;
			sourceTree = "<group>";
		};
		6DC978171CFE212700B7679E /* Products */ = {
			isa = PBXGroup;
			children = (
				6DC9781C1CFE212700B7679E /* ADMozaikCollectionViewLayout.framework */,
				6DC9781E1CFE212700B7679E /* ADMozaikCollectionViewLayoutTests.xctest */,
			);
			name = Products;
			sourceTree = "<group>";
		};
/* End PBXGroup section */

/* Begin PBXNativeTarget section */
		6DC978001CFE211A00B7679E /* Example */ = {
			isa = PBXNativeTarget;
			buildConfigurationList = 6DC978131CFE211A00B7679E /* Build configuration list for PBXNativeTarget "Example" */;
			buildPhases = (
				6DC977FD1CFE211A00B7679E /* Sources */,
				6DC977FE1CFE211A00B7679E /* Frameworks */,
				6DC977FF1CFE211A00B7679E /* Resources */,
			);
			buildRules = (
			);
			dependencies = (
				6D28C4F01D9716450078F70B /* PBXTargetDependency */,
			);
			name = Example;
			productName = Example;
			productReference = 6DC978011CFE211A00B7679E /* Example.app */;
			productType = "com.apple.product-type.application";
		};
/* End PBXNativeTarget section */

/* Begin PBXProject section */
		6DC977F91CFE211A00B7679E /* Project object */ = {
			isa = PBXProject;
			attributes = {
				LastSwiftUpdateCheck = 0730;
				LastUpgradeCheck = 0900;
				ORGANIZATIONNAME = "Anton Domashnev";
				TargetAttributes = {
					6DC978001CFE211A00B7679E = {
						CreatedOnToolsVersion = 7.3.1;
						LastSwiftMigration = 1000;
					};
				};
			};
			buildConfigurationList = 6DC977FC1CFE211A00B7679E /* Build configuration list for PBXProject "Example" */;
			compatibilityVersion = "Xcode 3.2";
			developmentRegion = English;
			hasScannedForEncodings = 0;
			knownRegions = (
				en,
				Base,
			);
			mainGroup = 6DC977F81CFE211A00B7679E;
			productRefGroup = 6DC978021CFE211A00B7679E /* Products */;
			projectDirPath = "";
			projectReferences = (
				{
					ProductGroup = 6DC978171CFE212700B7679E /* Products */;
					ProjectRef = 6DC978161CFE212700B7679E /* ADMozaikCollectionViewLayout.xcodeproj */;
				},
			);
			projectRoot = "";
			targets = (
				6DC978001CFE211A00B7679E /* Example */,
			);
		};
/* End PBXProject section */

/* Begin PBXReferenceProxy section */
		6DC9781C1CFE212700B7679E /* ADMozaikCollectionViewLayout.framework */ = {
			isa = PBXReferenceProxy;
			fileType = wrapper.framework;
			path = ADMozaikCollectionViewLayout.framework;
			remoteRef = 6DC9781B1CFE212700B7679E /* PBXContainerItemProxy */;
			sourceTree = BUILT_PRODUCTS_DIR;
		};
		6DC9781E1CFE212700B7679E /* ADMozaikCollectionViewLayoutTests.xctest */ = {
			isa = PBXReferenceProxy;
			fileType = wrapper.cfbundle;
			path = ADMozaikCollectionViewLayoutTests.xctest;
			remoteRef = 6DC9781D1CFE212700B7679E /* PBXContainerItemProxy */;
			sourceTree = BUILT_PRODUCTS_DIR;
		};
/* End PBXReferenceProxy section */

/* Begin PBXResourcesBuildPhase section */
		6DC977FF1CFE211A00B7679E /* Resources */ = {
			isa = PBXResourcesBuildPhase;
			buildActionMask = 2147483647;
			files = (
				6DC9780F1CFE211A00B7679E /* LaunchScreen.storyboard in Resources */,
				6D109DF11F044033003DACE7 /* ReusableSupplementaryFooterView.xib in Resources */,
				6DC9780C1CFE211A00B7679E /* Assets.xcassets in Resources */,
				6DC9780A1CFE211A00B7679E /* Main.storyboard in Resources */,
				6D109DF41F044107003DACE7 /* ReusableSupplementaryHeaderView.xib in Resources */,
			);
			runOnlyForDeploymentPostprocessing = 0;
		};
/* End PBXResourcesBuildPhase section */

/* Begin PBXSourcesBuildPhase section */
		6DC977FD1CFE211A00B7679E /* Sources */ = {
			isa = PBXSourcesBuildPhase;
			buildActionMask = 2147483647;
			files = (
				6D65C6221E5F9A7900733118 /* InitFromStoryboardExampleViewController.swift in Sources */,
				6DC978071CFE211A00B7679E /* ViewController.swift in Sources */,
				6D65C61F1E5F9A6B00733118 /* InitFromCodeExampleViewController.swift in Sources */,
				6DC978051CFE211A00B7679E /* AppDelegate.swift in Sources */,
			);
			runOnlyForDeploymentPostprocessing = 0;
		};
/* End PBXSourcesBuildPhase section */

/* Begin PBXTargetDependency section */
		6D28C4F01D9716450078F70B /* PBXTargetDependency */ = {
			isa = PBXTargetDependency;
			name = ADMozaikCollectionViewLayout;
			targetProxy = 6D28C4EF1D9716450078F70B /* PBXContainerItemProxy */;
		};
/* End PBXTargetDependency section */

/* Begin PBXVariantGroup section */
		6DC978081CFE211A00B7679E /* Main.storyboard */ = {
			isa = PBXVariantGroup;
			children = (
				6DC978091CFE211A00B7679E /* Base */,
			);
			name = Main.storyboard;
			sourceTree = "<group>";
		};
		6DC9780D1CFE211A00B7679E /* LaunchScreen.storyboard */ = {
			isa = PBXVariantGroup;
			children = (
				6DC9780E1CFE211A00B7679E /* Base */,
			);
			name = LaunchScreen.storyboard;
			sourceTree = "<group>";
		};
/* End PBXVariantGroup section */

/* Begin XCBuildConfiguration section */
		6DC978111CFE211A00B7679E /* Debug */ = {
			isa = XCBuildConfiguration;
			buildSettings = {
				ALWAYS_SEARCH_USER_PATHS = NO;
				CLANG_ANALYZER_NONNULL = YES;
				CLANG_CXX_LANGUAGE_STANDARD = "gnu++0x";
				CLANG_CXX_LIBRARY = "libc++";
				CLANG_ENABLE_MODULES = YES;
				CLANG_ENABLE_OBJC_ARC = YES;
				CLANG_WARN_BLOCK_CAPTURE_AUTORELEASING = YES;
				CLANG_WARN_BOOL_CONVERSION = YES;
				CLANG_WARN_COMMA = YES;
				CLANG_WARN_CONSTANT_CONVERSION = YES;
				CLANG_WARN_DIRECT_OBJC_ISA_USAGE = YES_ERROR;
				CLANG_WARN_EMPTY_BODY = YES;
				CLANG_WARN_ENUM_CONVERSION = YES;
				CLANG_WARN_INFINITE_RECURSION = YES;
				CLANG_WARN_INT_CONVERSION = YES;
				CLANG_WARN_NON_LITERAL_NULL_CONVERSION = YES;
				CLANG_WARN_OBJC_LITERAL_CONVERSION = YES;
				CLANG_WARN_OBJC_ROOT_CLASS = YES_ERROR;
				CLANG_WARN_RANGE_LOOP_ANALYSIS = YES;
				CLANG_WARN_STRICT_PROTOTYPES = YES;
				CLANG_WARN_SUSPICIOUS_MOVE = YES;
				CLANG_WARN_UNREACHABLE_CODE = YES;
				CLANG_WARN__DUPLICATE_METHOD_MATCH = YES;
				"CODE_SIGN_IDENTITY[sdk=iphoneos*]" = "iPhone Developer";
				COPY_PHASE_STRIP = NO;
				DEBUG_INFORMATION_FORMAT = dwarf;
				ENABLE_STRICT_OBJC_MSGSEND = YES;
				ENABLE_TESTABILITY = YES;
				GCC_C_LANGUAGE_STANDARD = gnu99;
				GCC_DYNAMIC_NO_PIC = NO;
				GCC_NO_COMMON_BLOCKS = YES;
				GCC_OPTIMIZATION_LEVEL = 0;
				GCC_PREPROCESSOR_DEFINITIONS = (
					"DEBUG=1",
					"$(inherited)",
				);
				GCC_WARN_64_TO_32_BIT_CONVERSION = YES;
				GCC_WARN_ABOUT_RETURN_TYPE = YES_ERROR;
				GCC_WARN_UNDECLARED_SELECTOR = YES;
				GCC_WARN_UNINITIALIZED_AUTOS = YES_AGGRESSIVE;
				GCC_WARN_UNUSED_FUNCTION = YES;
				GCC_WARN_UNUSED_VARIABLE = YES;
				IPHONEOS_DEPLOYMENT_TARGET = 9.3;
				MTL_ENABLE_DEBUG_INFO = YES;
				ONLY_ACTIVE_ARCH = YES;
				SDKROOT = iphoneos;
				SWIFT_OPTIMIZATION_LEVEL = "-Onone";
			};
			name = Debug;
		};
		6DC978121CFE211A00B7679E /* Release */ = {
			isa = XCBuildConfiguration;
			buildSettings = {
				ALWAYS_SEARCH_USER_PATHS = NO;
				CLANG_ANALYZER_NONNULL = YES;
				CLANG_CXX_LANGUAGE_STANDARD = "gnu++0x";
				CLANG_CXX_LIBRARY = "libc++";
				CLANG_ENABLE_MODULES = YES;
				CLANG_ENABLE_OBJC_ARC = YES;
				CLANG_WARN_BLOCK_CAPTURE_AUTORELEASING = YES;
				CLANG_WARN_BOOL_CONVERSION = YES;
				CLANG_WARN_COMMA = YES;
				CLANG_WARN_CONSTANT_CONVERSION = YES;
				CLANG_WARN_DIRECT_OBJC_ISA_USAGE = YES_ERROR;
				CLANG_WARN_EMPTY_BODY = YES;
				CLANG_WARN_ENUM_CONVERSION = YES;
				CLANG_WARN_INFINITE_RECURSION = YES;
				CLANG_WARN_INT_CONVERSION = YES;
				CLANG_WARN_NON_LITERAL_NULL_CONVERSION = YES;
				CLANG_WARN_OBJC_LITERAL_CONVERSION = YES;
				CLANG_WARN_OBJC_ROOT_CLASS = YES_ERROR;
				CLANG_WARN_RANGE_LOOP_ANALYSIS = YES;
				CLANG_WARN_STRICT_PROTOTYPES = YES;
				CLANG_WARN_SUSPICIOUS_MOVE = YES;
				CLANG_WARN_UNREACHABLE_CODE = YES;
				CLANG_WARN__DUPLICATE_METHOD_MATCH = YES;
				"CODE_SIGN_IDENTITY[sdk=iphoneos*]" = "iPhone Developer";
				COPY_PHASE_STRIP = NO;
				DEBUG_INFORMATION_FORMAT = "dwarf-with-dsym";
				ENABLE_NS_ASSERTIONS = NO;
				ENABLE_STRICT_OBJC_MSGSEND = YES;
				GCC_C_LANGUAGE_STANDARD = gnu99;
				GCC_NO_COMMON_BLOCKS = YES;
				GCC_WARN_64_TO_32_BIT_CONVERSION = YES;
				GCC_WARN_ABOUT_RETURN_TYPE = YES_ERROR;
				GCC_WARN_UNDECLARED_SELECTOR = YES;
				GCC_WARN_UNINITIALIZED_AUTOS = YES_AGGRESSIVE;
				GCC_WARN_UNUSED_FUNCTION = YES;
				GCC_WARN_UNUSED_VARIABLE = YES;
				IPHONEOS_DEPLOYMENT_TARGET = 9.3;
				MTL_ENABLE_DEBUG_INFO = NO;
				SDKROOT = iphoneos;
				VALIDATE_PRODUCT = YES;
			};
			name = Release;
		};
		6DC978141CFE211A00B7679E /* Debug */ = {
			isa = XCBuildConfiguration;
			buildSettings = {
				ASSETCATALOG_COMPILER_APPICON_NAME = AppIcon;
				INFOPLIST_FILE = Example/Info.plist;
				LD_RUNPATH_SEARCH_PATHS = "$(inherited) @executable_path/Frameworks";
				PRODUCT_BUNDLE_IDENTIFIER = com.antondomashnev.admozaikcollectionviewlayout.example.Example;
				PRODUCT_NAME = "$(TARGET_NAME)";
				SWIFT_VERSION = 4.2;
			};
			name = Debug;
		};
		6DC978151CFE211A00B7679E /* Release */ = {
			isa = XCBuildConfiguration;
			buildSettings = {
				ASSETCATALOG_COMPILER_APPICON_NAME = AppIcon;
				INFOPLIST_FILE = Example/Info.plist;
				LD_RUNPATH_SEARCH_PATHS = "$(inherited) @executable_path/Frameworks";
				PRODUCT_BUNDLE_IDENTIFIER = com.antondomashnev.admozaikcollectionviewlayout.example.Example;
				PRODUCT_NAME = "$(TARGET_NAME)";
				SWIFT_OPTIMIZATION_LEVEL = "-Owholemodule";
				SWIFT_VERSION = 4.2;
			};
			name = Release;
		};
/* End XCBuildConfiguration section */

/* Begin XCConfigurationList section */
		6DC977FC1CFE211A00B7679E /* Build configuration list for PBXProject "Example" */ = {
			isa = XCConfigurationList;
			buildConfigurations = (
				6DC978111CFE211A00B7679E /* Debug */,
				6DC978121CFE211A00B7679E /* Release */,
			);
			defaultConfigurationIsVisible = 0;
			defaultConfigurationName = Release;
		};
		6DC978131CFE211A00B7679E /* Build configuration list for PBXNativeTarget "Example" */ = {
			isa = XCConfigurationList;
			buildConfigurations = (
				6DC978141CFE211A00B7679E /* Debug */,
				6DC978151CFE211A00B7679E /* Release */,
			);
			defaultConfigurationIsVisible = 0;
			defaultConfigurationName = Release;
		};
/* End XCConfigurationList section */
	};
	rootObject = 6DC977F91CFE211A00B7679E /* Project object */;
}
